// !$*UTF8*$!
{
	archiveVersion = 1;
	classes = {
	};
	objectVersion = 55;
	objects = {

/* Begin PBXBuildFile section */
		68359E54297427FA006C77DC /* AppDelegate.swift in Sources */ = {isa = PBXBuildFile; fileRef = 68359E53297427FA006C77DC /* AppDelegate.swift */; };
		68359E56297427FA006C77DC /* SceneDelegate.swift in Sources */ = {isa = PBXBuildFile; fileRef = 68359E55297427FA006C77DC /* SceneDelegate.swift */; };
		68359E5B297427FA006C77DC /* Main.storyboard in Resources */ = {isa = PBXBuildFile; fileRef = 68359E59297427FA006C77DC /* Main.storyboard */; };
		68359E5D297427FB006C77DC /* Assets.xcassets in Resources */ = {isa = PBXBuildFile; fileRef = 68359E5C297427FB006C77DC /* Assets.xcassets */; };
		68359E60297427FB006C77DC /* LaunchScreen.storyboard in Resources */ = {isa = PBXBuildFile; fileRef = 68359E5E297427FB006C77DC /* LaunchScreen.storyboard */; };
		68359E6829742879006C77DC /* TableViewController.swift in Sources */ = {isa = PBXBuildFile; fileRef = 68359E6729742879006C77DC /* TableViewController.swift */; };
		68359E6A297428D9006C77DC /* Profile.swift in Sources */ = {isa = PBXBuildFile; fileRef = 68359E69297428D9006C77DC /* Profile.swift */; };
		68359E6C29742BCA006C77DC /* TableViewCell.swift in Sources */ = {isa = PBXBuildFile; fileRef = 68359E6B29742BCA006C77DC /* TableViewCell.swift */; };
		685BB0FD29743E0400F5EBB4 /* ViewModel.swift in Sources */ = {isa = PBXBuildFile; fileRef = 685BB0FC29743E0400F5EBB4 /* ViewModel.swift */; };
		685BB0FF29743E6D00F5EBB4 /* TableViewModelType.swift in Sources */ = {isa = PBXBuildFile; fileRef = 685BB0FE29743E6D00F5EBB4 /* TableViewModelType.swift */; };
/* End PBXBuildFile section */

/* Begin PBXFileReference section */
		68359E50297427FA006C77DC /* MVVM-learning.app */ = {isa = PBXFileReference; explicitFileType = wrapper.application; includeInIndex = 0; path = "MVVM-learning.app"; sourceTree = BUILT_PRODUCTS_DIR; };
		68359E53297427FA006C77DC /* AppDelegate.swift */ = {isa = PBXFileReference; lastKnownFileType = sourcecode.swift; path = AppDelegate.swift; sourceTree = "<group>"; };
		68359E55297427FA006C77DC /* SceneDelegate.swift */ = {isa = PBXFileReference; lastKnownFileType = sourcecode.swift; path = SceneDelegate.swift; sourceTree = "<group>"; };
		68359E5A297427FA006C77DC /* Base */ = {isa = PBXFileReference; lastKnownFileType = file.storyboard; name = Base; path = Base.lproj/Main.storyboard; sourceTree = "<group>"; };
		68359E5C297427FB006C77DC /* Assets.xcassets */ = {isa = PBXFileReference; lastKnownFileType = folder.assetcatalog; path = Assets.xcassets; sourceTree = "<group>"; };
		68359E5F297427FB006C77DC /* Base */ = {isa = PBXFileReference; lastKnownFileType = file.storyboard; name = Base; path = Base.lproj/LaunchScreen.storyboard; sourceTree = "<group>"; };
		68359E61297427FB006C77DC /* Info.plist */ = {isa = PBXFileReference; lastKnownFileType = text.plist.xml; path = Info.plist; sourceTree = "<group>"; };
		68359E6729742879006C77DC /* TableViewController.swift */ = {isa = PBXFileReference; lastKnownFileType = sourcecode.swift; path = TableViewController.swift; sourceTree = "<group>"; };
		68359E69297428D9006C77DC /* Profile.swift */ = {isa = PBXFileReference; lastKnownFileType = sourcecode.swift; path = Profile.swift; sourceTree = "<group>"; };
		68359E6B29742BCA006C77DC /* TableViewCell.swift */ = {isa = PBXFileReference; lastKnownFileType = sourcecode.swift; path = TableViewCell.swift; sourceTree = "<group>"; };
		685BB0FC29743E0400F5EBB4 /* ViewModel.swift */ = {isa = PBXFileReference; lastKnownFileType = sourcecode.swift; path = ViewModel.swift; sourceTree = "<group>"; };
		685BB0FE29743E6D00F5EBB4 /* TableViewModelType.swift */ = {isa = PBXFileReference; lastKnownFileType = sourcecode.swift; path = TableViewModelType.swift; sourceTree = "<group>"; };
/* End PBXFileReference section */

/* Begin PBXFrameworksBuildPhase section */
		68359E4D297427FA006C77DC /* Frameworks */ = {
			isa = PBXFrameworksBuildPhase;
			buildActionMask = 2147483647;
			files = (
			);
			runOnlyForDeploymentPostprocessing = 0;
		};
/* End PBXFrameworksBuildPhase section */

/* Begin PBXGroup section */
		68359E47297427FA006C77DC = {
			isa = PBXGroup;
			children = (
				68359E52297427FA006C77DC /* MVVM-learning */,
				68359E51297427FA006C77DC /* Products */,
			);
			sourceTree = "<group>";
		};
		68359E51297427FA006C77DC /* Products */ = {
			isa = PBXGroup;
			children = (
				68359E50297427FA006C77DC /* MVVM-learning.app */,
			);
			name = Products;
			sourceTree = "<group>";
		};
		68359E52297427FA006C77DC /* MVVM-learning */ = {
			isa = PBXGroup;
			children = (
				68359E53297427FA006C77DC /* AppDelegate.swift */,
				68359E55297427FA006C77DC /* SceneDelegate.swift */,
				685BB10029743F1C00F5EBB4 /* ViewModel */,
				685BB10129743F2300F5EBB4 /* Protocols */,
				685BB0FA29742F9200F5EBB4 /* Model */,
				685BB0FB29742FA200F5EBB4 /* View */,
				68359E5C297427FB006C77DC /* Assets.xcassets */,
				68359E5E297427FB006C77DC /* LaunchScreen.storyboard */,
				68359E61297427FB006C77DC /* Info.plist */,
			);
			path = "MVVM-learning";
			sourceTree = "<group>";
		};
		685BB0FA29742F9200F5EBB4 /* Model */ = {
			isa = PBXGroup;
			children = (
				68359E69297428D9006C77DC /* Profile.swift */,
			);
			path = Model;
			sourceTree = "<group>";
		};
		685BB0FB29742FA200F5EBB4 /* View */ = {
			isa = PBXGroup;
			children = (
				68359E59297427FA006C77DC /* Main.storyboard */,
				68359E6729742879006C77DC /* TableViewController.swift */,
				68359E6B29742BCA006C77DC /* TableViewCell.swift */,
			);
			path = View;
			sourceTree = "<group>";
		};
		685BB10029743F1C00F5EBB4 /* ViewModel */ = {
			isa = PBXGroup;
			children = (
				685BB0FC29743E0400F5EBB4 /* ViewModel.swift */,
			);
			path = ViewModel;
			sourceTree = "<group>";
		};
		685BB10129743F2300F5EBB4 /* Protocols */ = {
			isa = PBXGroup;
			children = (
				685BB0FE29743E6D00F5EBB4 /* TableViewModelType.swift */,
			);
			path = Protocols;
			sourceTree = "<group>";
		};
/* End PBXGroup section */

/* Begin PBXNativeTarget section */
		68359E4F297427FA006C77DC /* MVVM-learning */ = {
			isa = PBXNativeTarget;
			buildConfigurationList = 68359E64297427FB006C77DC /* Build configuration list for PBXNativeTarget "MVVM-learning" */;
			buildPhases = (
				68359E4C297427FA006C77DC /* Sources */,
				68359E4D297427FA006C77DC /* Frameworks */,
				68359E4E297427FA006C77DC /* Resources */,
			);
			buildRules = (
			);
			dependencies = (
			);
			name = "MVVM-learning";
			productName = "MVVM-learning";
			productReference = 68359E50297427FA006C77DC /* MVVM-learning.app */;
			productType = "com.apple.product-type.application";
		};
/* End PBXNativeTarget section */

/* Begin PBXProject section */
		68359E48297427FA006C77DC /* Project object */ = {
			isa = PBXProject;
			attributes = {
				BuildIndependentTargetsInParallel = 1;
				LastSwiftUpdateCheck = 1340;
				LastUpgradeCheck = 1340;
				TargetAttributes = {
					68359E4F297427FA006C77DC = {
						CreatedOnToolsVersion = 13.4;
					};
				};
			};
			buildConfigurationList = 68359E4B297427FA006C77DC /* Build configuration list for PBXProject "MVVM-learning" */;
			compatibilityVersion = "Xcode 13.0";
			developmentRegion = en;
			hasScannedForEncodings = 0;
			knownRegions = (
				en,
				Base,
			);
			mainGroup = 68359E47297427FA006C77DC;
			productRefGroup = 68359E51297427FA006C77DC /* Products */;
			projectDirPath = "";
			projectRoot = "";
			targets = (
				68359E4F297427FA006C77DC /* MVVM-learning */,
			);
		};
/* End PBXProject section */

/* Begin PBXResourcesBuildPhase section */
		68359E4E297427FA006C77DC /* Resources */ = {
			isa = PBXResourcesBuildPhase;
			buildActionMask = 2147483647;
			files = (
				68359E60297427FB006C77DC /* LaunchScreen.storyboard in Resources */,
				68359E5D297427FB006C77DC /* Assets.xcassets in Resources */,
				68359E5B297427FA006C77DC /* Main.storyboard in Resources */,
			);
			runOnlyForDeploymentPostprocessing = 0;
		};
/* End PBXResourcesBuildPhase section */

/* Begin PBXSourcesBuildPhase section */
		68359E4C297427FA006C77DC /* Sources */ = {
			isa = PBXSourcesBuildPhase;
			buildActionMask = 2147483647;
			files = (
				68359E6C29742BCA006C77DC /* TableViewCell.swift in Sources */,
				68359E54297427FA006C77DC /* AppDelegate.swift in Sources */,
				68359E6A297428D9006C77DC /* Profile.swift in Sources */,
				68359E6829742879006C77DC /* TableViewController.swift in Sources */,
				685BB0FF29743E6D00F5EBB4 /* TableViewModelType.swift in Sources */,
				685BB0FD29743E0400F5EBB4 /* ViewModel.swift in Sources */,
				68359E56297427FA006C77DC /* SceneDelegate.swift in Sources */,
			);
			runOnlyForDeploymentPostprocessing = 0;
		};
/* End PBXSourcesBuildPhase section */

/* Begin PBXVariantGroup section */
		68359E59297427FA006C77DC /* Main.storyboard */ = {
			isa = PBXVariantGroup;
			children = (
				68359E5A297427FA006C77DC /* Base */,
			);
			name = Main.storyboard;
			sourceTree = "<group>";
		};
		68359E5E297427FB006C77DC /* LaunchScreen.storyboard */ = {
			isa = PBXVariantGroup;
			children = (
				68359E5F297427FB006C77DC /* Base */,
			);
			name = LaunchScreen.storyboard;
			sourceTree = "<group>";
		};
/* End PBXVariantGroup section */

/* Begin XCBuildConfiguration section */
		68359E62297427FB006C77DC /* Debug */ = {
			isa = XCBuildConfiguration;
			buildSettings = {
				ALWAYS_SEARCH_USER_PATHS = NO;
				CLANG_ANALYZER_NONNULL = YES;
				CLANG_ANALYZER_NUMBER_OBJECT_CONVERSION = YES_AGGRESSIVE;
				CLANG_CXX_LANGUAGE_STANDARD = "gnu++17";
				CLANG_ENABLE_MODULES = YES;
				CLANG_ENABLE_OBJC_ARC = YES;
				CLANG_ENABLE_OBJC_WEAK = YES;
				CLANG_WARN_BLOCK_CAPTURE_AUTORELEASING = YES;
				CLANG_WARN_BOOL_CONVERSION = YES;
				CLANG_WARN_COMMA = YES;
				CLANG_WARN_CONSTANT_CONVERSION = YES;
				CLANG_WARN_DEPRECATED_OBJC_IMPLEMENTATIONS = YES;
				CLANG_WARN_DIRECT_OBJC_ISA_USAGE = YES_ERROR;
				CLANG_WARN_DOCUMENTATION_COMMENTS = YES;
				CLANG_WARN_EMPTY_BODY = YES;
				CLANG_WARN_ENUM_CONVERSION = YES;
				CLANG_WARN_INFINITE_RECURSION = YES;
				CLANG_WARN_INT_CONVERSION = YES;
				CLANG_WARN_NON_LITERAL_NULL_CONVERSION = YES;
				CLANG_WARN_OBJC_IMPLICIT_RETAIN_SELF = YES;
				CLANG_WARN_OBJC_LITERAL_CONVERSION = YES;
				CLANG_WARN_OBJC_ROOT_CLASS = YES_ERROR;
				CLANG_WARN_QUOTED_INCLUDE_IN_FRAMEWORK_HEADER = YES;
				CLANG_WARN_RANGE_LOOP_ANALYSIS = YES;
				CLANG_WARN_STRICT_PROTOTYPES = YES;
				CLANG_WARN_SUSPICIOUS_MOVE = YES;
				CLANG_WARN_UNGUARDED_AVAILABILITY = YES_AGGRESSIVE;
				CLANG_WARN_UNREACHABLE_CODE = YES;
				CLANG_WARN__DUPLICATE_METHOD_MATCH = YES;
				COPY_PHASE_STRIP = NO;
				DEBUG_INFORMATION_FORMAT = dwarf;
				ENABLE_STRICT_OBJC_MSGSEND = YES;
				ENABLE_TESTABILITY = YES;
				GCC_C_LANGUAGE_STANDARD = gnu11;
				GCC_DYNAMIC_NO_PIC = NO;
				GCC_NO_COMMON_BLOCKS = YES;
				GCC_OPTIMIZATION_LEVEL = 0;
				GCC_PREPROCESSOR_DEFINITIONS = (
					"DEBUG=1",
					"$(inherited)",
				);
				GCC_WARN_64_TO_32_BIT_CONVERSION = YES;
				GCC_WARN_ABOUT_RETURN_TYPE = YES_ERROR;
				GCC_WARN_UNDECLARED_SELECTOR = YES;
				GCC_WARN_UNINITIALIZED_AUTOS = YES_AGGRESSIVE;
				GCC_WARN_UNUSED_FUNCTION = YES;
				GCC_WARN_UNUSED_VARIABLE = YES;
				IPHONEOS_DEPLOYMENT_TARGET = 15.5;
				MTL_ENABLE_DEBUG_INFO = INCLUDE_SOURCE;
				MTL_FAST_MATH = YES;
				ONLY_ACTIVE_ARCH = YES;
				SDKROOT = iphoneos;
				SWIFT_ACTIVE_COMPILATION_CONDITIONS = DEBUG;
				SWIFT_OPTIMIZATION_LEVEL = "-Onone";
			};
			name = Debug;
		};
		68359E63297427FB006C77DC /* Release */ = {
			isa = XCBuildConfiguration;
			buildSettings = {
				ALWAYS_SEARCH_USER_PATHS = NO;
				CLANG_ANALYZER_NONNULL = YES;
				CLANG_ANALYZER_NUMBER_OBJECT_CONVERSION = YES_AGGRESSIVE;
				CLANG_CXX_LANGUAGE_STANDARD = "gnu++17";
				CLANG_ENABLE_MODULES = YES;
				CLANG_ENABLE_OBJC_ARC = YES;
				CLANG_ENABLE_OBJC_WEAK = YES;
				CLANG_WARN_BLOCK_CAPTURE_AUTORELEASING = YES;
				CLANG_WARN_BOOL_CONVERSION = YES;
				CLANG_WARN_COMMA = YES;
				CLANG_WARN_CONSTANT_CONVERSION = YES;
				CLANG_WARN_DEPRECATED_OBJC_IMPLEMENTATIONS = YES;
				CLANG_WARN_DIRECT_OBJC_ISA_USAGE = YES_ERROR;
				CLANG_WARN_DOCUMENTATION_COMMENTS = YES;
				CLANG_WARN_EMPTY_BODY = YES;
				CLANG_WARN_ENUM_CONVERSION = YES;
				CLANG_WARN_INFINITE_RECURSION = YES;
				CLANG_WARN_INT_CONVERSION = YES;
				CLANG_WARN_NON_LITERAL_NULL_CONVERSION = YES;
				CLANG_WARN_OBJC_IMPLICIT_RETAIN_SELF = YES;
				CLANG_WARN_OBJC_LITERAL_CONVERSION = YES;
				CLANG_WARN_OBJC_ROOT_CLASS = YES_ERROR;
				CLANG_WARN_QUOTED_INCLUDE_IN_FRAMEWORK_HEADER = YES;
				CLANG_WARN_RANGE_LOOP_ANALYSIS = YES;
				CLANG_WARN_STRICT_PROTOTYPES = YES;
				CLANG_WARN_SUSPICIOUS_MOVE = YES;
				CLANG_WARN_UNGUARDED_AVAILABILITY = YES_AGGRESSIVE;
				CLANG_WARN_UNREACHABLE_CODE = YES;
				CLANG_WARN__DUPLICATE_METHOD_MATCH = YES;
				COPY_PHASE_STRIP = NO;
				DEBUG_INFORMATION_FORMAT = "dwarf-with-dsym";
				ENABLE_NS_ASSERTIONS = NO;
				ENABLE_STRICT_OBJC_MSGSEND = YES;
				GCC_C_LANGUAGE_STANDARD = gnu11;
				GCC_NO_COMMON_BLOCKS = YES;
				GCC_WARN_64_TO_32_BIT_CONVERSION = YES;
				GCC_WARN_ABOUT_RETURN_TYPE = YES_ERROR;
				GCC_WARN_UNDECLARED_SELECTOR = YES;
				GCC_WARN_UNINITIALIZED_AUTOS = YES_AGGRESSIVE;
				GCC_WARN_UNUSED_FUNCTION = YES;
				GCC_WARN_UNUSED_VARIABLE = YES;
				IPHONEOS_DEPLOYMENT_TARGET = 15.5;
				MTL_ENABLE_DEBUG_INFO = NO;
				MTL_FAST_MATH = YES;
				SDKROOT = iphoneos;
				SWIFT_COMPILATION_MODE = wholemodule;
				SWIFT_OPTIMIZATION_LEVEL = "-O";
				VALIDATE_PRODUCT = YES;
			};
			name = Release;
		};
		68359E65297427FB006C77DC /* Debug */ = {
			isa = XCBuildConfiguration;
			buildSettings = {
				ASSETCATALOG_COMPILER_APPICON_NAME = AppIcon;
				ASSETCATALOG_COMPILER_GLOBAL_ACCENT_COLOR_NAME = AccentColor;
				CODE_SIGN_STYLE = Automatic;
				CURRENT_PROJECT_VERSION = 1;
				DEVELOPMENT_TEAM = 3F7BDN63CA;
				GENERATE_INFOPLIST_FILE = YES;
				INFOPLIST_FILE = "MVVM-learning/Info.plist";
				INFOPLIST_KEY_UIApplicationSupportsIndirectInputEvents = YES;
				INFOPLIST_KEY_UILaunchStoryboardName = LaunchScreen;
				INFOPLIST_KEY_UIMainStoryboardFile = Main;
				INFOPLIST_KEY_UISupportedInterfaceOrientations_iPad = "UIInterfaceOrientationPortrait UIInterfaceOrientationPortraitUpsideDown UIInterfaceOrientationLandscapeLeft UIInterfaceOrientationLandscapeRight";
				INFOPLIST_KEY_UISupportedInterfaceOrientations_iPhone = "UIInterfaceOrientationPortrait UIInterfaceOrientationLandscapeLeft UIInterfaceOrientationLandscapeRight";
				LD_RUNPATH_SEARCH_PATHS = (
					"$(inherited)",
					"@executable_path/Frameworks",
				);
				MARKETING_VERSION = 1.0;
				PRODUCT_BUNDLE_IDENTIFIER = "com.damiraliyev.MVVM-learning";
				PRODUCT_NAME = "$(TARGET_NAME)";
				SWIFT_EMIT_LOC_STRINGS = YES;
				SWIFT_VERSION = 5.0;
				TARGETED_DEVICE_FAMILY = "1,2";
			};
			name = Debug;
		};
		68359E66297427FB006C77DC /* Release */ = {
			isa = XCBuildConfiguration;
			buildSettings = {
				ASSETCATALOG_COMPILER_APPICON_NAME = AppIcon;
				ASSETCATALOG_COMPILER_GLOBAL_ACCENT_COLOR_NAME = AccentColor;
				CODE_SIGN_STYLE = Automatic;
				CURRENT_PROJECT_VERSION = 1;
				DEVELOPMENT_TEAM = 3F7BDN63CA;
				GENERATE_INFOPLIST_FILE = YES;
				INFOPLIST_FILE = "MVVM-learning/Info.plist";
				INFOPLIST_KEY_UIApplicationSupportsIndirectInputEvents = YES;
				INFOPLIST_KEY_UILaunchStoryboardName = LaunchScreen;
				INFOPLIST_KEY_UIMainStoryboardFile = Main;
				INFOPLIST_KEY_UISupportedInterfaceOrientations_iPad = "UIInterfaceOrientationPortrait UIInterfaceOrientationPortraitUpsideDown UIInterfaceOrientationLandscapeLeft UIInterfaceOrientationLandscapeRight";
				INFOPLIST_KEY_UISupportedInterfaceOrientations_iPhone = "UIInterfaceOrientationPortrait UIInterfaceOrientationLandscapeLeft UIInterfaceOrientationLandscapeRight";
				LD_RUNPATH_SEARCH_PATHS = (
					"$(inherited)",
					"@executable_path/Frameworks",
				);
				MARKETING_VERSION = 1.0;
				PRODUCT_BUNDLE_IDENTIFIER = "com.damiraliyev.MVVM-learning";
				PRODUCT_NAME = "$(TARGET_NAME)";
				SWIFT_EMIT_LOC_STRINGS = YES;
				SWIFT_VERSION = 5.0;
				TARGETED_DEVICE_FAMILY = "1,2";
			};
			name = Release;
		};
/* End XCBuildConfiguration section */

/* Begin XCConfigurationList section */
		68359E4B297427FA006C77DC /* Build configuration list for PBXProject "MVVM-learning" */ = {
			isa = XCConfigurationList;
			buildConfigurations = (
				68359E62297427FB006C77DC /* Debug */,
				68359E63297427FB006C77DC /* Release */,
			);
			defaultConfigurationIsVisible = 0;
			defaultConfigurationName = Release;
		};
		68359E64297427FB006C77DC /* Build configuration list for PBXNativeTarget "MVVM-learning" */ = {
			isa = XCConfigurationList;
			buildConfigurations = (
				68359E65297427FB006C77DC /* Debug */,
				68359E66297427FB006C77DC /* Release */,
			);
			defaultConfigurationIsVisible = 0;
			defaultConfigurationName = Release;
		};
/* End XCConfigurationList section */
	};
	rootObject = 68359E48297427FA006C77DC /* Project object */;
}
